
Microsoft Visual Studio Solution File, Format Version 12.00
# Visual Studio Version 16
VisualStudioVersion = 16.6.30114.105
MinimumVisualStudioVersion = 10.0.40219.1
Project("{2150E333-8FDC-42A3-9474-1A3956D46DE8}") = "src", "src", "{989B9034-E88A-4782-A831-C051321E5EBB}"
EndProject
Project("{2150E333-8FDC-42A3-9474-1A3956D46DE8}") = "sandbox", "sandbox", "{0528420E-DDC9-4ABE-BBD4-623781EFC46E}"
EndProject
Project("{2150E333-8FDC-42A3-9474-1A3956D46DE8}") = "tests", "tests", "{2C42FF6C-3FA1-446A-A55D-E4FA27A5EA7E}"
EndProject
Project("{2150E333-8FDC-42A3-9474-1A3956D46DE8}") = "api", "api", "{822E76B9-E902-4058-AC11-99FBCF049361}"
EndProject
Project("{9A19103F-16F7-4668-BE54-9A1E7A4F7556}") = "BERlogic.WSDL", "src\api\BERlogic.WSDL\BERlogic.WSDL.csproj", "{878D8DEC-19A1-4426-BBFF-2A1B234D96F5}"
EndProject
Project("{2150E333-8FDC-42A3-9474-1A3956D46DE8}") = "library", "library", "{9A330CBF-5947-4BFF-8E13-F2D84634D78C}"
EndProject
Project("{9A19103F-16F7-4668-BE54-9A1E7A4F7556}") = "BERlogic.Models", "src\library\BERlogic.Models\BERlogic.Models.csproj", "{8DE0A711-1A43-4284-A197-3605D800A33C}"
EndProject
Project("{2150E333-8FDC-42A3-9474-1A3956D46DE8}") = "web", "web", "{CC5FA247-79E2-43C3-8E74-A28C2C9C342E}"
EndProject
Project("{2150E333-8FDC-42A3-9474-1A3956D46DE8}") = "BERlogic.CallCenter.HelpTools.Web", "BERlogic.CallCenter.HelpTools.Web", "{0F980F34-319A-4193-82D9-18F6EDE9E922}"
EndProject
Project("{9A19103F-16F7-4668-BE54-9A1E7A4F7556}") = "BERlogic.CallCenter.HelpTools.Web.Client", "src\web\BERlogic.CallCenter.HelpTools.Web\Client\BERlogic.CallCenter.HelpTools.Web.Client.csproj", "{32920A46-8C8D-4355-AE15-EFA6BE6D7873}"
EndProject
Project("{9A19103F-16F7-4668-BE54-9A1E7A4F7556}") = "BERlogic.CallCenter.HelpTools.Web.Server", "src\web\BERlogic.CallCenter.HelpTools.Web\Server\BERlogic.CallCenter.HelpTools.Web.Server.csproj", "{8968D039-DED0-4019-838F-CEACD074B8C6}"
EndProject
Project("{9A19103F-16F7-4668-BE54-9A1E7A4F7556}") = "BERlogic.CallCenter.HelpTools.Web.Shared", "src\web\BERlogic.CallCenter.HelpTools.Web\Shared\BERlogic.CallCenter.HelpTools.Web.Shared.csproj", "{9D8D6B78-E5DF-4F75-82B7-DBAEC21E3308}"
EndProject
Project("{9A19103F-16F7-4668-BE54-9A1E7A4F7556}") = "Phaenir.Common.Models", "..\..\..\LibrariesCollection\CommonModels\Phaenir.Common.Models\Phaenir.Common.Models.csproj", "{360170CE-AED3-48B4-8C72-C9F1FBB3CF5B}"
EndProject
Project("{9A19103F-16F7-4668-BE54-9A1E7A4F7556}") = "BERlogic.CallCenter.HellpTools.API.Tests", "tests\BERlogic.CallCenter.HellpTools.API.Tests\BERlogic.CallCenter.HellpTools.API.Tests.csproj", "{11AEF4C3-15DD-40D7-90C8-FAB51DD8E117}"
EndProject
Project("{9A19103F-16F7-4668-BE54-9A1E7A4F7556}") = "BERlogic.CallCenter.HelpTools.Web.Client.Tests", "tests\BERlogic.CallCenter.HelpTools.Web.Client.Tests\BERlogic.CallCenter.HelpTools.Web.Client.Tests.csproj", "{09CE2995-909F-4A53-947E-507F6FE49818}"
EndProject
Project("{9A19103F-16F7-4668-BE54-9A1E7A4F7556}") = "BERlogic.CallCenter.HelpTools.Web.Server.Tests", "tests\BERlogic.CallCenter.HelpTools.Web.Server.Tests\BERlogic.CallCenter.HelpTools.Web.Server.Tests.csproj", "{8AE37A60-5395-49CC-B4FA-56AF9229397B}"
EndProject
Project("{2150E333-8FDC-42A3-9474-1A3956D46DE8}") = "Solution Items", "Solution Items", "{0CE9D606-71AF-45F8-80D0-E31C7183DA98}"
	ProjectSection(SolutionItems) = preProject
		.editorconfig = .editorconfig
	EndProjectSection
EndProject
Project("{9A19103F-16F7-4668-BE54-9A1E7A4F7556}") = "TestConsole", "src\api\TestConsole\TestConsole.csproj", "{6271B43F-F924-499C-83A2-4C4369601A0F}"
EndProject
Project("{9A19103F-16F7-4668-BE54-9A1E7A4F7556}") = "BERlogic.Wrapper", "src\api\BERlogic.Wrapper\BERlogic.Wrapper.csproj", "{5EC557F8-4CED-4683-9074-F297C5957349}"
EndProject
Project("{FAE04EC0-301F-11D3-BF4B-00C04F79EFBC}") = "BERlogic.Utils", "src\library\BERlogic.Utils\BERlogic.Utils.csproj", "{1E106879-1234-4B2F-B61F-4158543D055C}"
EndProject
Global
	GlobalSection(SolutionConfigurationPlatforms) = preSolution
		Debug|Any CPU = Debug|Any CPU
		Debug|x64 = Debug|x64
		Debug|x86 = Debug|x86
		Release|Any CPU = Release|Any CPU
		Release|x64 = Release|x64
		Release|x86 = Release|x86
	EndGlobalSection
	GlobalSection(ProjectConfigurationPlatforms) = postSolution
		{878D8DEC-19A1-4426-BBFF-2A1B234D96F5}.Debug|Any CPU.ActiveCfg = Debug|Any CPU
		{878D8DEC-19A1-4426-BBFF-2A1B234D96F5}.Debug|Any CPU.Build.0 = Debug|Any CPU
		{878D8DEC-19A1-4426-BBFF-2A1B234D96F5}.Debug|x64.ActiveCfg = Debug|Any CPU
		{878D8DEC-19A1-4426-BBFF-2A1B234D96F5}.Debug|x64.Build.0 = Debug|Any CPU
		{878D8DEC-19A1-4426-BBFF-2A1B234D96F5}.Debug|x86.ActiveCfg = Debug|Any CPU
		{878D8DEC-19A1-4426-BBFF-2A1B234D96F5}.Debug|x86.Build.0 = Debug|Any CPU
		{878D8DEC-19A1-4426-BBFF-2A1B234D96F5}.Release|Any CPU.ActiveCfg = Release|Any CPU
		{878D8DEC-19A1-4426-BBFF-2A1B234D96F5}.Release|Any CPU.Build.0 = Release|Any CPU
		{878D8DEC-19A1-4426-BBFF-2A1B234D96F5}.Release|x64.ActiveCfg = Release|Any CPU
		{878D8DEC-19A1-4426-BBFF-2A1B234D96F5}.Release|x64.Build.0 = Release|Any CPU
		{878D8DEC-19A1-4426-BBFF-2A1B234D96F5}.Release|x86.ActiveCfg = Release|Any CPU
		{878D8DEC-19A1-4426-BBFF-2A1B234D96F5}.Release|x86.Build.0 = Release|Any CPU
		{8DE0A711-1A43-4284-A197-3605D800A33C}.Debug|Any CPU.ActiveCfg = Debug|Any CPU
		{8DE0A711-1A43-4284-A197-3605D800A33C}.Debug|Any CPU.Build.0 = Debug|Any CPU
		{8DE0A711-1A43-4284-A197-3605D800A33C}.Debug|x64.ActiveCfg = Debug|Any CPU
		{8DE0A711-1A43-4284-A197-3605D800A33C}.Debug|x64.Build.0 = Debug|Any CPU
		{8DE0A711-1A43-4284-A197-3605D800A33C}.Debug|x86.ActiveCfg = Debug|Any CPU
		{8DE0A711-1A43-4284-A197-3605D800A33C}.Debug|x86.Build.0 = Debug|Any CPU
		{8DE0A711-1A43-4284-A197-3605D800A33C}.Release|Any CPU.ActiveCfg = Release|Any CPU
		{8DE0A711-1A43-4284-A197-3605D800A33C}.Release|Any CPU.Build.0 = Release|Any CPU
		{8DE0A711-1A43-4284-A197-3605D800A33C}.Release|x64.ActiveCfg = Release|Any CPU
		{8DE0A711-1A43-4284-A197-3605D800A33C}.Release|x64.Build.0 = Release|Any CPU
		{8DE0A711-1A43-4284-A197-3605D800A33C}.Release|x86.ActiveCfg = Release|Any CPU
		{8DE0A711-1A43-4284-A197-3605D800A33C}.Release|x86.Build.0 = Release|Any CPU
		{32920A46-8C8D-4355-AE15-EFA6BE6D7873}.Debug|Any CPU.ActiveCfg = Debug|Any CPU
		{32920A46-8C8D-4355-AE15-EFA6BE6D7873}.Debug|Any CPU.Build.0 = Debug|Any CPU
		{32920A46-8C8D-4355-AE15-EFA6BE6D7873}.Debug|x64.ActiveCfg = Debug|Any CPU
		{32920A46-8C8D-4355-AE15-EFA6BE6D7873}.Debug|x64.Build.0 = Debug|Any CPU
		{32920A46-8C8D-4355-AE15-EFA6BE6D7873}.Debug|x86.ActiveCfg = Debug|Any CPU
		{32920A46-8C8D-4355-AE15-EFA6BE6D7873}.Debug|x86.Build.0 = Debug|Any CPU
		{32920A46-8C8D-4355-AE15-EFA6BE6D7873}.Release|Any CPU.ActiveCfg = Release|Any CPU
		{32920A46-8C8D-4355-AE15-EFA6BE6D7873}.Release|Any CPU.Build.0 = Release|Any CPU
		{32920A46-8C8D-4355-AE15-EFA6BE6D7873}.Release|x64.ActiveCfg = Release|Any CPU
		{32920A46-8C8D-4355-AE15-EFA6BE6D7873}.Release|x64.Build.0 = Release|Any CPU
		{32920A46-8C8D-4355-AE15-EFA6BE6D7873}.Release|x86.ActiveCfg = Release|Any CPU
		{32920A46-8C8D-4355-AE15-EFA6BE6D7873}.Release|x86.Build.0 = Release|Any CPU
		{8968D039-DED0-4019-838F-CEACD074B8C6}.Debug|Any CPU.ActiveCfg = Debug|Any CPU
		{8968D039-DED0-4019-838F-CEACD074B8C6}.Debug|Any CPU.Build.0 = Debug|Any CPU
		{8968D039-DED0-4019-838F-CEACD074B8C6}.Debug|x64.ActiveCfg = Debug|Any CPU
		{8968D039-DED0-4019-838F-CEACD074B8C6}.Debug|x64.Build.0 = Debug|Any CPU
		{8968D039-DED0-4019-838F-CEACD074B8C6}.Debug|x86.ActiveCfg = Debug|Any CPU
		{8968D039-DED0-4019-838F-CEACD074B8C6}.Debug|x86.Build.0 = Debug|Any CPU
		{8968D039-DED0-4019-838F-CEACD074B8C6}.Release|Any CPU.ActiveCfg = Release|Any CPU
		{8968D039-DED0-4019-838F-CEACD074B8C6}.Release|Any CPU.Build.0 = Release|Any CPU
		{8968D039-DED0-4019-838F-CEACD074B8C6}.Release|x64.ActiveCfg = Release|Any CPU
		{8968D039-DED0-4019-838F-CEACD074B8C6}.Release|x64.Build.0 = Release|Any CPU
		{8968D039-DED0-4019-838F-CEACD074B8C6}.Release|x86.ActiveCfg = Release|Any CPU
		{8968D039-DED0-4019-838F-CEACD074B8C6}.Release|x86.Build.0 = Release|Any CPU
		{9D8D6B78-E5DF-4F75-82B7-DBAEC21E3308}.Debug|Any CPU.ActiveCfg = Debug|Any CPU
		{9D8D6B78-E5DF-4F75-82B7-DBAEC21E3308}.Debug|Any CPU.Build.0 = Debug|Any CPU
		{9D8D6B78-E5DF-4F75-82B7-DBAEC21E3308}.Debug|x64.ActiveCfg = Debug|Any CPU
		{9D8D6B78-E5DF-4F75-82B7-DBAEC21E3308}.Debug|x64.Build.0 = Debug|Any CPU
		{9D8D6B78-E5DF-4F75-82B7-DBAEC21E3308}.Debug|x86.ActiveCfg = Debug|Any CPU
		{9D8D6B78-E5DF-4F75-82B7-DBAEC21E3308}.Debug|x86.Build.0 = Debug|Any CPU
		{9D8D6B78-E5DF-4F75-82B7-DBAEC21E3308}.Release|Any CPU.ActiveCfg = Release|Any CPU
		{9D8D6B78-E5DF-4F75-82B7-DBAEC21E3308}.Release|Any CPU.Build.0 = Release|Any CPU
		{9D8D6B78-E5DF-4F75-82B7-DBAEC21E3308}.Release|x64.ActiveCfg = Release|Any CPU
		{9D8D6B78-E5DF-4F75-82B7-DBAEC21E3308}.Release|x64.Build.0 = Release|Any CPU
		{9D8D6B78-E5DF-4F75-82B7-DBAEC21E3308}.Release|x86.ActiveCfg = Release|Any CPU
		{9D8D6B78-E5DF-4F75-82B7-DBAEC21E3308}.Release|x86.Build.0 = Release|Any CPU
		{360170CE-AED3-48B4-8C72-C9F1FBB3CF5B}.Debug|Any CPU.ActiveCfg = Debug|Any CPU
		{360170CE-AED3-48B4-8C72-C9F1FBB3CF5B}.Debug|Any CPU.Build.0 = Debug|Any CPU
		{360170CE-AED3-48B4-8C72-C9F1FBB3CF5B}.Debug|x64.ActiveCfg = Debug|Any CPU
		{360170CE-AED3-48B4-8C72-C9F1FBB3CF5B}.Debug|x64.Build.0 = Debug|Any CPU
		{360170CE-AED3-48B4-8C72-C9F1FBB3CF5B}.Debug|x86.ActiveCfg = Debug|Any CPU
		{360170CE-AED3-48B4-8C72-C9F1FBB3CF5B}.Debug|x86.Build.0 = Debug|Any CPU
		{360170CE-AED3-48B4-8C72-C9F1FBB3CF5B}.Release|Any CPU.ActiveCfg = Release|Any CPU
		{360170CE-AED3-48B4-8C72-C9F1FBB3CF5B}.Release|Any CPU.Build.0 = Release|Any CPU
		{360170CE-AED3-48B4-8C72-C9F1FBB3CF5B}.Release|x64.ActiveCfg = Release|Any CPU
		{360170CE-AED3-48B4-8C72-C9F1FBB3CF5B}.Release|x64.Build.0 = Release|Any CPU
		{360170CE-AED3-48B4-8C72-C9F1FBB3CF5B}.Release|x86.ActiveCfg = Release|Any CPU
		{360170CE-AED3-48B4-8C72-C9F1FBB3CF5B}.Release|x86.Build.0 = Release|Any CPU
		{11AEF4C3-15DD-40D7-90C8-FAB51DD8E117}.Debug|Any CPU.ActiveCfg = Debug|Any CPU
		{11AEF4C3-15DD-40D7-90C8-FAB51DD8E117}.Debug|Any CPU.Build.0 = Debug|Any CPU
		{11AEF4C3-15DD-40D7-90C8-FAB51DD8E117}.Debug|x64.ActiveCfg = Debug|Any CPU
		{11AEF4C3-15DD-40D7-90C8-FAB51DD8E117}.Debug|x64.Build.0 = Debug|Any CPU
		{11AEF4C3-15DD-40D7-90C8-FAB51DD8E117}.Debug|x86.ActiveCfg = Debug|Any CPU
		{11AEF4C3-15DD-40D7-90C8-FAB51DD8E117}.Debug|x86.Build.0 = Debug|Any CPU
		{11AEF4C3-15DD-40D7-90C8-FAB51DD8E117}.Release|Any CPU.ActiveCfg = Release|Any CPU
		{11AEF4C3-15DD-40D7-90C8-FAB51DD8E117}.Release|Any CPU.Build.0 = Release|Any CPU
		{11AEF4C3-15DD-40D7-90C8-FAB51DD8E117}.Release|x64.ActiveCfg = Release|Any CPU
		{11AEF4C3-15DD-40D7-90C8-FAB51DD8E117}.Release|x64.Build.0 = Release|Any CPU
		{11AEF4C3-15DD-40D7-90C8-FAB51DD8E117}.Release|x86.ActiveCfg = Release|Any CPU
		{11AEF4C3-15DD-40D7-90C8-FAB51DD8E117}.Release|x86.Build.0 = Release|Any CPU
		{09CE2995-909F-4A53-947E-507F6FE49818}.Debug|Any CPU.ActiveCfg = Debug|Any CPU
		{09CE2995-909F-4A53-947E-507F6FE49818}.Debug|Any CPU.Build.0 = Debug|Any CPU
		{09CE2995-909F-4A53-947E-507F6FE49818}.Debug|x64.ActiveCfg = Debug|Any CPU
		{09CE2995-909F-4A53-947E-507F6FE49818}.Debug|x64.Build.0 = Debug|Any CPU
		{09CE2995-909F-4A53-947E-507F6FE49818}.Debug|x86.ActiveCfg = Debug|Any CPU
		{09CE2995-909F-4A53-947E-507F6FE49818}.Debug|x86.Build.0 = Debug|Any CPU
		{09CE2995-909F-4A53-947E-507F6FE49818}.Release|Any CPU.ActiveCfg = Release|Any CPU
		{09CE2995-909F-4A53-947E-507F6FE49818}.Release|Any CPU.Build.0 = Release|Any CPU
		{09CE2995-909F-4A53-947E-507F6FE49818}.Release|x64.ActiveCfg = Release|Any CPU
		{09CE2995-909F-4A53-947E-507F6FE49818}.Release|x64.Build.0 = Release|Any CPU
		{09CE2995-909F-4A53-947E-507F6FE49818}.Release|x86.ActiveCfg = Release|Any CPU
		{09CE2995-909F-4A53-947E-507F6FE49818}.Release|x86.Build.0 = Release|Any CPU
		{8AE37A60-5395-49CC-B4FA-56AF9229397B}.Debug|Any CPU.ActiveCfg = Debug|Any CPU
		{8AE37A60-5395-49CC-B4FA-56AF9229397B}.Debug|Any CPU.Build.0 = Debug|Any CPU
		{8AE37A60-5395-49CC-B4FA-56AF9229397B}.Debug|x64.ActiveCfg = Debug|Any CPU
		{8AE37A60-5395-49CC-B4FA-56AF9229397B}.Debug|x64.Build.0 = Debug|Any CPU
		{8AE37A60-5395-49CC-B4FA-56AF9229397B}.Debug|x86.ActiveCfg = Debug|Any CPU
		{8AE37A60-5395-49CC-B4FA-56AF9229397B}.Debug|x86.Build.0 = Debug|Any CPU
		{8AE37A60-5395-49CC-B4FA-56AF9229397B}.Release|Any CPU.ActiveCfg = Release|Any CPU
		{8AE37A60-5395-49CC-B4FA-56AF9229397B}.Release|Any CPU.Build.0 = Release|Any CPU
		{8AE37A60-5395-49CC-B4FA-56AF9229397B}.Release|x64.ActiveCfg = Release|Any CPU
		{8AE37A60-5395-49CC-B4FA-56AF9229397B}.Release|x64.Build.0 = Release|Any CPU
		{8AE37A60-5395-49CC-B4FA-56AF9229397B}.Release|x86.ActiveCfg = Release|Any CPU
		{8AE37A60-5395-49CC-B4FA-56AF9229397B}.Release|x86.Build.0 = Release|Any CPU
		{6271B43F-F924-499C-83A2-4C4369601A0F}.Debug|Any CPU.ActiveCfg = Debug|Any CPU
		{6271B43F-F924-499C-83A2-4C4369601A0F}.Debug|Any CPU.Build.0 = Debug|Any CPU
		{6271B43F-F924-499C-83A2-4C4369601A0F}.Debug|x64.ActiveCfg = Debug|Any CPU
		{6271B43F-F924-499C-83A2-4C4369601A0F}.Debug|x64.Build.0 = Debug|Any CPU
		{6271B43F-F924-499C-83A2-4C4369601A0F}.Debug|x86.ActiveCfg = Debug|Any CPU
		{6271B43F-F924-499C-83A2-4C4369601A0F}.Debug|x86.Build.0 = Debug|Any CPU
		{6271B43F-F924-499C-83A2-4C4369601A0F}.Release|Any CPU.ActiveCfg = Release|Any CPU
		{6271B43F-F924-499C-83A2-4C4369601A0F}.Release|Any CPU.Build.0 = Release|Any CPU
		{6271B43F-F924-499C-83A2-4C4369601A0F}.Release|x64.ActiveCfg = Release|Any CPU
		{6271B43F-F924-499C-83A2-4C4369601A0F}.Release|x64.Build.0 = Release|Any CPU
		{6271B43F-F924-499C-83A2-4C4369601A0F}.Release|x86.ActiveCfg = Release|Any CPU
		{6271B43F-F924-499C-83A2-4C4369601A0F}.Release|x86.Build.0 = Release|Any CPU
		{5EC557F8-4CED-4683-9074-F297C5957349}.Debug|Any CPU.ActiveCfg = Debug|Any CPU
		{5EC557F8-4CED-4683-9074-F297C5957349}.Debug|Any CPU.Build.0 = Debug|Any CPU
		{5EC557F8-4CED-4683-9074-F297C5957349}.Debug|x64.ActiveCfg = Debug|Any CPU
		{5EC557F8-4CED-4683-9074-F297C5957349}.Debug|x64.Build.0 = Debug|Any CPU
		{5EC557F8-4CED-4683-9074-F297C5957349}.Debug|x86.ActiveCfg = Debug|Any CPU
		{5EC557F8-4CED-4683-9074-F297C5957349}.Debug|x86.Build.0 = Debug|Any CPU
		{5EC557F8-4CED-4683-9074-F297C5957349}.Release|Any CPU.ActiveCfg = Release|Any CPU
		{5EC557F8-4CED-4683-9074-F297C5957349}.Release|Any CPU.Build.0 = Release|Any CPU
		{5EC557F8-4CED-4683-9074-F297C5957349}.Release|x64.ActiveCfg = Release|Any CPU
		{5EC557F8-4CED-4683-9074-F297C5957349}.Release|x64.Build.0 = Release|Any CPU
		{5EC557F8-4CED-4683-9074-F297C5957349}.Release|x86.ActiveCfg = Release|Any CPU
		{5EC557F8-4CED-4683-9074-F297C5957349}.Release|x86.Build.0 = Release|Any CPU
		{1E106879-1234-4B2F-B61F-4158543D055C}.Debug|Any CPU.ActiveCfg = Debug|Any CPU
		{1E106879-1234-4B2F-B61F-4158543D055C}.Debug|Any CPU.Build.0 = Debug|Any CPU
		{1E106879-1234-4B2F-B61F-4158543D055C}.Debug|x64.ActiveCfg = Debug|Any CPU
		{1E106879-1234-4B2F-B61F-4158543D055C}.Debug|x64.Build.0 = Debug|Any CPU
		{1E106879-1234-4B2F-B61F-4158543D055C}.Debug|x86.ActiveCfg = Debug|Any CPU
		{1E106879-1234-4B2F-B61F-4158543D055C}.Debug|x86.Build.0 = Debug|Any CPU
		{1E106879-1234-4B2F-B61F-4158543D055C}.Release|Any CPU.ActiveCfg = Release|Any CPU
		{1E106879-1234-4B2F-B61F-4158543D055C}.Release|Any CPU.Build.0 = Release|Any CPU
		{1E106879-1234-4B2F-B61F-4158543D055C}.Release|x64.ActiveCfg = Release|Any CPU
		{1E106879-1234-4B2F-B61F-4158543D055C}.Release|x64.Build.0 = Release|Any CPU
		{1E106879-1234-4B2F-B61F-4158543D055C}.Release|x86.ActiveCfg = Release|Any CPU
		{1E106879-1234-4B2F-B61F-4158543D055C}.Release|x86.Build.0 = Release|Any CPU
	EndGlobalSection
	GlobalSection(SolutionProperties) = preSolution
		HideSolutionNode = FALSE
	EndGlobalSection
	GlobalSection(NestedProjects) = preSolution
		{0528420E-DDC9-4ABE-BBD4-623781EFC46E} = {989B9034-E88A-4782-A831-C051321E5EBB}
		{822E76B9-E902-4058-AC11-99FBCF049361} = {989B9034-E88A-4782-A831-C051321E5EBB}
		{878D8DEC-19A1-4426-BBFF-2A1B234D96F5} = {822E76B9-E902-4058-AC11-99FBCF049361}
		{9A330CBF-5947-4BFF-8E13-F2D84634D78C} = {989B9034-E88A-4782-A831-C051321E5EBB}
		{8DE0A711-1A43-4284-A197-3605D800A33C} = {9A330CBF-5947-4BFF-8E13-F2D84634D78C}
		{CC5FA247-79E2-43C3-8E74-A28C2C9C342E} = {989B9034-E88A-4782-A831-C051321E5EBB}
		{0F980F34-319A-4193-82D9-18F6EDE9E922} = {CC5FA247-79E2-43C3-8E74-A28C2C9C342E}
		{32920A46-8C8D-4355-AE15-EFA6BE6D7873} = {0F980F34-319A-4193-82D9-18F6EDE9E922}
		{8968D039-DED0-4019-838F-CEACD074B8C6} = {0F980F34-319A-4193-82D9-18F6EDE9E922}
		{9D8D6B78-E5DF-4F75-82B7-DBAEC21E3308} = {0F980F34-319A-4193-82D9-18F6EDE9E922}
		{11AEF4C3-15DD-40D7-90C8-FAB51DD8E117} = {2C42FF6C-3FA1-446A-A55D-E4FA27A5EA7E}
		{09CE2995-909F-4A53-947E-507F6FE49818} = {2C42FF6C-3FA1-446A-A55D-E4FA27A5EA7E}
		{8AE37A60-5395-49CC-B4FA-56AF9229397B} = {2C42FF6C-3FA1-446A-A55D-E4FA27A5EA7E}
		{6271B43F-F924-499C-83A2-4C4369601A0F} = {822E76B9-E902-4058-AC11-99FBCF049361}
		{5EC557F8-4CED-4683-9074-F297C5957349} = {822E76B9-E902-4058-AC11-99FBCF049361}
		{1E106879-1234-4B2F-B61F-4158543D055C} = {9A330CBF-5947-4BFF-8E13-F2D84634D78C}
	EndGlobalSection
	GlobalSection(ExtensibilityGlobals) = postSolution
		RESX_AutoCreateNewLanguageFiles = True
		SolutionGuid = {E11065B3-762E-4570-8670-35BE9A47AE6F}
	EndGlobalSection
EndGlobal
